
Microsoft Visual Studio Solution File, Format Version 12.00
# Visual Studio Version 16
VisualStudioVersion = 16.0.33927.289
MinimumVisualStudioVersion = 10.0.40219.1
Project("{FAE04EC0-301F-11D3-BF4B-00C04F79EFBC}") = "Caro_HoPhanMinhTuan", "Caro_HoPhanMinhTuan\Caro_HoPhanMinhTuan.csproj", "{E716CD1E-70B8-4861-AE60-5DAFB0C44A55}"
EndProject
Global
	GlobalSection(SolutionConfigurationPlatforms) = preSolution
		Debug|Any CPU = Debug|Any CPU
		Release|Any CPU = Release|Any CPU
	EndGlobalSection
	GlobalSection(ProjectConfigurationPlatforms) = postSolution
		{E716CD1E-70B8-4861-AE60-5DAFB0C44A55}.Debug|Any CPU.ActiveCfg = Debug|Any CPU
		{E716CD1E-70B8-4861-AE60-5DAFB0C44A55}.Debug|Any CPU.Build.0 = Debug|Any CPU
		{E716CD1E-70B8-4861-AE60-5DAFB0C44A55}.Release|Any CPU.ActiveCfg = Release|Any CPU
		{E716CD1E-70B8-4861-AE60-5DAFB0C44A55}.Release|Any CPU.Build.0 = Release|Any CPU
	EndGlobalSection
	GlobalSection(SolutionProperties) = preSolution
		HideSolutionNode = FALSE
	EndGlobalSection
	GlobalSection(ExtensibilityGlobals) = postSolution
		SolutionGuid = {13F037C5-D111-4F64-AAD1-4C31576D9A08}
	EndGlobalSection
EndGlobal
